
Microsoft Visual Studio Solution File, Format Version 12.00
# Visual Studio Version 17
VisualStudioVersion = 17.2.32526.322
MinimumVisualStudioVersion = 10.0.40219.1
Project("{FAE04EC0-301F-11D3-BF4B-00C04F79EFBC}") = "Pr0t0k07.BudgetHub", "Pr0t0k07.BudgetHub\Pr0t0k07.BudgetHub.csproj", "{AFDD746F-E30A-4C3D-9CB2-BE09D77EE38E}"
EndProject
Global
	GlobalSection(SolutionConfigurationPlatforms) = preSolution
		Debug|Any CPU = Debug|Any CPU
		Release|Any CPU = Release|Any CPU
	EndGlobalSection
	GlobalSection(ProjectConfigurationPlatforms) = postSolution
		{AFDD746F-E30A-4C3D-9CB2-BE09D77EE38E}.Debug|Any CPU.ActiveCfg = Debug|Any CPU
		{AFDD746F-E30A-4C3D-9CB2-BE09D77EE38E}.Debug|Any CPU.Build.0 = Debug|Any CPU
		{AFDD746F-E30A-4C3D-9CB2-BE09D77EE38E}.Release|Any CPU.ActiveCfg = Release|Any CPU
		{AFDD746F-E30A-4C3D-9CB2-BE09D77EE38E}.Release|Any CPU.Build.0 = Release|Any CPU
	EndGlobalSection
	GlobalSection(SolutionProperties) = preSolution
		HideSolutionNode = FALSE
	EndGlobalSection
	GlobalSection(ExtensibilityGlobals) = postSolution
		SolutionGuid = {764C434E-D17B-4091-AB7B-480404FEB297}
	EndGlobalSection
EndGlobal
